
Microsoft Visual Studio Solution File, Format Version 12.00
# Visual Studio Version 16
VisualStudioVersion = 16.0.29814.53
MinimumVisualStudioVersion = 10.0.40219.1
Project("{FAE04EC0-301F-11D3-BF4B-00C04F79EFBC}") = "ippv", "ippv.csproj", "{773196D7-865C-4966-A63F-665434F0D24E}"
EndProject
Global
	GlobalSection(SolutionConfigurationPlatforms) = preSolution
		Debug|Any CPU = Debug|Any CPU
		Release|Any CPU = Release|Any CPU
	EndGlobalSection
	GlobalSection(ProjectConfigurationPlatforms) = postSolution
		{773196D7-865C-4966-A63F-665434F0D24E}.Debug|Any CPU.ActiveCfg = Debug|Any CPU
		{773196D7-865C-4966-A63F-665434F0D24E}.Debug|Any CPU.Build.0 = Debug|Any CPU
		{773196D7-865C-4966-A63F-665434F0D24E}.Release|Any CPU.ActiveCfg = Release|Any CPU
		{773196D7-865C-4966-A63F-665434F0D24E}.Release|Any CPU.Build.0 = Release|Any CPU
	EndGlobalSection
	GlobalSection(SolutionProperties) = preSolution
		HideSolutionNode = FALSE
	EndGlobalSection
	GlobalSection(ExtensibilityGlobals) = postSolution
		SolutionGuid = {79ACBD9C-52D0-4544-B2B7-87B561F3F88F}
	EndGlobalSection
EndGlobal
